<?xml version="1.0" encoding="utf-8"?>
<Project ToolsVersion="4.0" xmlns="http://schemas.microsoft.com/developer/msbuild/2003">
  <ItemGroup>
    <Filter Include="Source Files">
      <UniqueIdentifier>{4FC737F1-C7A5-4376-A066-2A32D752A2FF}</UniqueIdentifier>
      <Extensions>cpp;c;cc;cxx;c++;cppm;ixx;def;odl;idl;hpj;bat;asm;asmx</Extensions>
    </Filter>
    <Filter Include="Header Files">
      <UniqueIdentifier>{93995380-89BD-4b04-88EB-625FBE52EBFB}</UniqueIdentifier>
      <Extensions>h;hh;hpp;hxx;h++;hm;inl;inc;ipp;xsd</Extensions>
    </Filter>
    <Filter Include="Resource Files">
      <UniqueIdentifier>{67DA6AB6-F800-4c08-8B7A-83BB121AAD01}</UniqueIdentifier>
      <Extensions>rc;ico;cur;bmp;dlg;rc2;rct;bin;rgs;gif;jpg;jpeg;jpe;resx;tiff;tif;png;wav;mfcribbon-ms</Extensions>
    </Filter>
    <Filter Include="Header Files\GLFW">
      <UniqueIdentifier>{77571ed9-dce0-4297-b9a2-36a89c535be8}</UniqueIdentifier>
    </Filter>
    <Filter Include="Source Files\dearimgui">
      <UniqueIdentifier>{44f3e810-e3ee-4bd0-99d3-8944cbf0364f}</UniqueIdentifier>
    </Filter>
    <Filter Include="Header Files\dearimgui">
      <UniqueIdentifier>{a5ed1bfb-1922-4b7d-bc94-0711679d8afc}</UniqueIdentifier>
    </Filter>
    <Filter Include="Header Files\cpputils">
      <UniqueIdentifier>{d6e213b9-cd36-4797-9dc7-64f6ac0309a6}</UniqueIdentifier>
    </Filter>
    <Filter Include="Header Files\glh">
      <UniqueIdentifier>{cd0f6cce-3971-4c93-bd80-bcf6fa62ef88}</UniqueIdentifier>
    </Filter>
    <Filter Include="Header Files\glad">
      <UniqueIdentifier>{693c1537-f9bf-4912-90cd-9422903b32ca}</UniqueIdentifier>
    </Filter>
    <Filter Include="Header Files\KHR">
      <UniqueIdentifier>{d665102f-c176-4153-a217-aed19465c4d2}</UniqueIdentifier>
    </Filter>
    <Filter Include="Header Files\glh\classes">
      <UniqueIdentifier>{df708647-9f3d-47a8-b829-53ce1efaf360}</UniqueIdentifier>
    </Filter>
    <Filter Include="Header Files\glh\RFont">
      <UniqueIdentifier>{8bd49471-e7e9-4b3d-84cf-1abd50f80163}</UniqueIdentifier>
    </Filter>
    <Filter Include="Source Files\glad">
      <UniqueIdentifier>{32c08e15-7ef3-493d-b0bf-42f999a83515}</UniqueIdentifier>
    </Filter>
    <Filter Include="Source Files\glh">
      <UniqueIdentifier>{d3fa42d3-163a-49ba-b61c-d90512c86ce6}</UniqueIdentifier>
    </Filter>
    <Filter Include="Source Files\glh\classes">
      <UniqueIdentifier>{22ac89b3-0042-4878-ac3b-1fef0218bda9}</UniqueIdentifier>
    </Filter>
  </ItemGroup>
  <ItemGroup>
    <ClCompile Include="src\main.cpp">
      <Filter>Source Files</Filter>
    </ClCompile>
    <ClCompile Include="src\DtedFile.cpp">
      <Filter>Source Files</Filter>
    </ClCompile>
    <ClCompile Include="src\dearimgui\imgui_demo.cpp">
      <Filter>Source Files\dearimgui</Filter>
    </ClCompile>
    <ClCompile Include="src\dearimgui\imgui_draw.cpp">
      <Filter>Source Files\dearimgui</Filter>
    </ClCompile>
    <ClCompile Include="src\dearimgui\imgui_impl_glfw.cpp">
      <Filter>Source Files\dearimgui</Filter>
    </ClCompile>
    <ClCompile Include="src\dearimgui\imgui_impl_opengl3.cpp">
      <Filter>Source Files\dearimgui</Filter>
    </ClCompile>
    <ClCompile Include="src\dearimgui\imgui_tables.cpp">
      <Filter>Source Files\dearimgui</Filter>
    </ClCompile>
    <ClCompile Include="src\dearimgui\imgui_widgets.cpp">
      <Filter>Source Files\dearimgui</Filter>
    </ClCompile>
    <ClCompile Include="src\dearimgui\imgui.cpp">
      <Filter>Source Files\dearimgui</Filter>
    </ClCompile>
    <ClCompile Include="extern\glh\src\glad\gl.c">
      <Filter>Source Files\glad</Filter>
    </ClCompile>
    <ClCompile Include="extern\glh\src\glad\wgl.c">
      <Filter>Source Files\glad</Filter>
    </ClCompile>
    <ClCompile Include="extern\glh\src\glh\font.cpp">
      <Filter>Source Files\glh</Filter>
    </ClCompile>
    <ClCompile Include="extern\glh\src\glh\classes\D3DInteropTexture2D.cpp">
      <Filter>Source Files\glh\classes</Filter>
    </ClCompile>
    <ClCompile Include="extern\glh\src\glh\classes\Framebuffer.cpp">
      <Filter>Source Files\glh\classes</Filter>
    </ClCompile>
    <ClCompile Include="extern\glh\src\glh\classes\Program.cpp">
      <Filter>Source Files\glh\classes</Filter>
    </ClCompile>
    <ClCompile Include="extern\glh\src\glh\classes\Shader.cpp">
      <Filter>Source Files\glh\classes</Filter>
    </ClCompile>
    <ClCompile Include="extern\glh\src\glh\classes\Texture2D.cpp">
      <Filter>Source Files\glh\classes</Filter>
    </ClCompile>
  </ItemGroup>
  <ItemGroup>
    <ClInclude Include="include\DtedFile.h">
      <Filter>Header Files</Filter>
    </ClInclude>
    <ClInclude Include="include\dtedFields.h">
      <Filter>Header Files</Filter>
    </ClInclude>
    <ClInclude Include="include\GLFW\glfw3.h">
      <Filter>Header Files\GLFW</Filter>
    </ClInclude>
    <ClInclude Include="include\GLFW\glfw3native.h">
      <Filter>Header Files\GLFW</Filter>
    </ClInclude>
    <ClInclude Include="include\dearimgui\imconfig.h">
      <Filter>Header Files\dearimgui</Filter>
    </ClInclude>
    <ClInclude Include="include\dearimgui\imgui.h">
      <Filter>Header Files\dearimgui</Filter>
    </ClInclude>
    <ClInclude Include="include\dearimgui\imgui_impl_glfw.h">
      <Filter>Header Files\dearimgui</Filter>
    </ClInclude>
    <ClInclude Include="include\dearimgui\imgui_impl_opengl3.h">
      <Filter>Header Files\dearimgui</Filter>
    </ClInclude>
    <ClInclude Include="include\dearimgui\imgui_impl_opengl3_loader.h">
      <Filter>Header Files\dearimgui</Filter>
    </ClInclude>
    <ClInclude Include="include\dearimgui\imgui_internal.h">
      <Filter>Header Files\dearimgui</Filter>
    </ClInclude>
    <ClInclude Include="include\dearimgui\imstb_rectpack.h">
      <Filter>Header Files\dearimgui</Filter>
    </ClInclude>
    <ClInclude Include="include\dearimgui\imstb_textedit.h">
      <Filter>Header Files\dearimgui</Filter>
    </ClInclude>
    <ClInclude Include="include\dearimgui\imstb_truetype.h">
      <Filter>Header Files\dearimgui</Filter>
    </ClInclude>
    <ClInclude Include="extern\cpputils\include\cpputils\windows\dwm.h">
      <Filter>Header Files\cpputils</Filter>
    </ClInclude>
    <ClInclude Include="include\icon.h">
      <Filter>Header Files</Filter>
    </ClInclude>
    <ClInclude Include="extern\glh\include\glad\gl.h">
      <Filter>Header Files\glad</Filter>
    </ClInclude>
    <ClInclude Include="extern\glh\include\glad\wgl.h">
      <Filter>Header Files\glad</Filter>
    </ClInclude>
    <ClInclude Include="extern\glh\include\KHR\khrplatform.h">
      <Filter>Header Files\KHR</Filter>
    </ClInclude>
    <ClInclude Include="extern\glh\include\glh\font.h">
      <Filter>Header Files\glh</Filter>
    </ClInclude>
    <ClInclude Include="extern\glh\include\glh\functionWrappers.h">
      <Filter>Header Files\glh</Filter>
    </ClInclude>
    <ClInclude Include="extern\glh\include\glh\glh.h">
      <Filter>Header Files\glh</Filter>
    </ClInclude>
    <ClInclude Include="extern\glh\include\glh\macros.h">
      <Filter>Header Files\glh</Filter>
    </ClInclude>
    <ClInclude Include="extern\glh\include\glh\openglapi.h">
      <Filter>Header Files\glh</Filter>
    </ClInclude>
    <ClInclude Include="extern\glh\include\glh\utils.h">
      <Filter>Header Files\glh</Filter>
    </ClInclude>
    <ClInclude Include="extern\glh\include\glh\RFont\DejaVuSans.h">
      <Filter>Header Files\glh\RFont</Filter>
    </ClInclude>
    <ClInclude Include="extern\glh\include\glh\RFont\DroidSansJapanese.h">
      <Filter>Header Files\glh\RFont</Filter>
    </ClInclude>
    <ClInclude Include="extern\glh\include\glh\RFont\RFont.h">
      <Filter>Header Files\glh\RFont</Filter>
    </ClInclude>
    <ClInclude Include="extern\glh\include\glh\classes\D3DInteropTexture2D.h">
      <Filter>Header Files\glh\classes</Filter>
    </ClInclude>
    <ClInclude Include="extern\glh\include\glh\classes\Framebuffer.h">
      <Filter>Header Files\glh\classes</Filter>
    </ClInclude>
    <ClInclude Include="extern\glh\include\glh\classes\Program.h">
      <Filter>Header Files\glh\classes</Filter>
    </ClInclude>
    <ClInclude Include="extern\glh\include\glh\classes\Shader.h">
      <Filter>Header Files\glh\classes</Filter>
    </ClInclude>
    <ClInclude Include="extern\glh\include\glh\classes\SharedLibraryLoader.h">
      <Filter>Header Files\glh\classes</Filter>
    </ClInclude>
    <ClInclude Include="extern\glh\include\glh\classes\Texture2D.h">
      <Filter>Header Files\glh\classes</Filter>
    </ClInclude>
  </ItemGroup>
</Project>