<?xml version="1.0" encoding="utf-8"?>
<Project ToolsVersion="4.0" xmlns="http://schemas.microsoft.com/developer/msbuild/2003">
  <ItemGroup>
    <Filter Include="Source Files">
      <UniqueIdentifier>{4FC737F1-C7A5-4376-A066-2A32D752A2FF}</UniqueIdentifier>
      <Extensions>cpp;c;cc;cxx;c++;cppm;ixx;def;odl;idl;hpj;bat;asm;asmx</Extensions>
    </Filter>
    <Filter Include="Header Files">
      <UniqueIdentifier>{93995380-89BD-4b04-88EB-625FBE52EBFB}</UniqueIdentifier>
      <Extensions>h;hh;hpp;hxx;h++;hm;inl;inc;ipp;xsd</Extensions>
    </Filter>
    <Filter Include="Resource Files">
      <UniqueIdentifier>{67DA6AB6-F800-4c08-8B7A-83BB121AAD01}</UniqueIdentifier>
      <Extensions>rc;ico;cur;bmp;dlg;rc2;rct;bin;rgs;gif;jpg;jpeg;jpe;resx;tiff;tif;png;wav;mfcribbon-ms</Extensions>
    </Filter>
    <Filter Include="Header Files\GLFW">
      <UniqueIdentifier>{77571ed9-dce0-4297-b9a2-36a89c535be8}</UniqueIdentifier>
    </Filter>
    <Filter Include="Source Files\dearimgui">
      <UniqueIdentifier>{44f3e810-e3ee-4bd0-99d3-8944cbf0364f}</UniqueIdentifier>
    </Filter>
    <Filter Include="Header Files\dearimgui">
      <UniqueIdentifier>{a5ed1bfb-1922-4b7d-bc94-0711679d8afc}</UniqueIdentifier>
    </Filter>
  </ItemGroup>
  <ItemGroup>
    <ClCompile Include="src\main.cpp">
      <Filter>Source Files</Filter>
    </ClCompile>
    <ClCompile Include="src\DtedFile.cpp">
      <Filter>Source Files</Filter>
    </ClCompile>
    <ClCompile Include="src\dearimgui\imgui_demo.cpp">
      <Filter>Source Files\dearimgui</Filter>
    </ClCompile>
    <ClCompile Include="src\dearimgui\imgui_draw.cpp">
      <Filter>Source Files\dearimgui</Filter>
    </ClCompile>
    <ClCompile Include="src\dearimgui\imgui_impl_glfw.cpp">
      <Filter>Source Files\dearimgui</Filter>
    </ClCompile>
    <ClCompile Include="src\dearimgui\imgui_impl_opengl3.cpp">
      <Filter>Source Files\dearimgui</Filter>
    </ClCompile>
    <ClCompile Include="src\dearimgui\imgui_tables.cpp">
      <Filter>Source Files\dearimgui</Filter>
    </ClCompile>
    <ClCompile Include="src\dearimgui\imgui_widgets.cpp">
      <Filter>Source Files\dearimgui</Filter>
    </ClCompile>
    <ClCompile Include="src\dearimgui\imgui.cpp">
      <Filter>Source Files\dearimgui</Filter>
    </ClCompile>
  </ItemGroup>
  <ItemGroup>
    <ClInclude Include="include\DtedFile.h">
      <Filter>Header Files</Filter>
    </ClInclude>
    <ClInclude Include="include\dtedFields.h">
      <Filter>Header Files</Filter>
    </ClInclude>
    <ClInclude Include="include\GLFW\glfw3.h">
      <Filter>Header Files\GLFW</Filter>
    </ClInclude>
    <ClInclude Include="include\GLFW\glfw3native.h">
      <Filter>Header Files\GLFW</Filter>
    </ClInclude>
    <ClInclude Include="include\dearimgui\imconfig.h">
      <Filter>Header Files\dearimgui</Filter>
    </ClInclude>
    <ClInclude Include="include\dearimgui\imgui.h">
      <Filter>Header Files\dearimgui</Filter>
    </ClInclude>
    <ClInclude Include="include\dearimgui\imgui_impl_glfw.h">
      <Filter>Header Files\dearimgui</Filter>
    </ClInclude>
    <ClInclude Include="include\dearimgui\imgui_impl_opengl3.h">
      <Filter>Header Files\dearimgui</Filter>
    </ClInclude>
    <ClInclude Include="include\dearimgui\imgui_impl_opengl3_loader.h">
      <Filter>Header Files\dearimgui</Filter>
    </ClInclude>
    <ClInclude Include="include\dearimgui\imgui_internal.h">
      <Filter>Header Files\dearimgui</Filter>
    </ClInclude>
    <ClInclude Include="include\dearimgui\imstb_rectpack.h">
      <Filter>Header Files\dearimgui</Filter>
    </ClInclude>
    <ClInclude Include="include\dearimgui\imstb_textedit.h">
      <Filter>Header Files\dearimgui</Filter>
    </ClInclude>
    <ClInclude Include="include\dearimgui\imstb_truetype.h">
      <Filter>Header Files\dearimgui</Filter>
    </ClInclude>
  </ItemGroup>
</Project>